
Microsoft Visual Studio Solution File, Format Version 12.00
# Visual Studio 15
VisualStudioVersion = 15.0.27428.2015
MinimumVisualStudioVersion = 10.0.40219.1
Project("{9A19103F-16F7-4668-BE54-9A1E7A4F7556}") = "t", "t.csproj", "{9FDDD33A-0DDD-4349-B935-5F3A3F938CBC}"
EndProject
Global
	GlobalSection(SolutionConfigurationPlatforms) = preSolution
		Debug|Any CPU = Debug|Any CPU
		Release|Any CPU = Release|Any CPU
	EndGlobalSection
	GlobalSection(ProjectConfigurationPlatforms) = postSolution
		{9FDDD33A-0DDD-4349-B935-5F3A3F938CBC}.Debug|Any CPU.ActiveCfg = Debug|Any CPU
		{9FDDD33A-0DDD-4349-B935-5F3A3F938CBC}.Debug|Any CPU.Build.0 = Debug|Any CPU
		{9FDDD33A-0DDD-4349-B935-5F3A3F938CBC}.Release|Any CPU.ActiveCfg = Release|Any CPU
		{9FDDD33A-0DDD-4349-B935-5F3A3F938CBC}.Release|Any CPU.Build.0 = Release|Any CPU
	EndGlobalSection
	GlobalSection(SolutionProperties) = preSolution
		HideSolutionNode = FALSE
	EndGlobalSection
	GlobalSection(ExtensibilityGlobals) = postSolution
		SolutionGuid = {23D150B4-13AC-44B0-B387-C28BD5B082D2}
	EndGlobalSection
EndGlobal
